
Microsoft Visual Studio Solution File, Format Version 12.00
# Visual Studio 2012
Project("{8BC9CEB8-8B4A-11D0-8D11-00A0C91BC942}") = "ClientOp", "ClientOp\ClientOp.vcxproj", "{AF490E1F-F943-4ECC-9BC4-50ED68AD80CB}"
EndProject
Global
	GlobalSection(SolutionConfigurationPlatforms) = preSolution
		Debug|Win32 = Debug|Win32
		Release|Win32 = Release|Win32
	EndGlobalSection
	GlobalSection(ProjectConfigurationPlatforms) = postSolution
		{AF490E1F-F943-4ECC-9BC4-50ED68AD80CB}.Debug|Win32.ActiveCfg = Debug|Win32
		{AF490E1F-F943-4ECC-9BC4-50ED68AD80CB}.Debug|Win32.Build.0 = Debug|Win32
		{AF490E1F-F943-4ECC-9BC4-50ED68AD80CB}.Release|Win32.ActiveCfg = Release|Win32
		{AF490E1F-F943-4ECC-9BC4-50ED68AD80CB}.Release|Win32.Build.0 = Release|Win32
	EndGlobalSection
	GlobalSection(SolutionProperties) = preSolution
		HideSolutionNode = FALSE
	EndGlobalSection
EndGlobal
