
Microsoft Visual Studio Solution File, Format Version 12.00
# Visual Studio 2012
Project("{8BC9CEB8-8B4A-11D0-8D11-00A0C91BC942}") = "ServiceUpgrade", "ServiceUpgrade\ServiceUpgrade.vcxproj", "{E805FD06-C08A-4DED-8404-BC87B6C83736}"
EndProject
Global
	GlobalSection(SolutionConfigurationPlatforms) = preSolution
		Debug|Win32 = Debug|Win32
		Release|Win32 = Release|Win32
	EndGlobalSection
	GlobalSection(ProjectConfigurationPlatforms) = postSolution
		{E805FD06-C08A-4DED-8404-BC87B6C83736}.Debug|Win32.ActiveCfg = Debug|Win32
		{E805FD06-C08A-4DED-8404-BC87B6C83736}.Debug|Win32.Build.0 = Debug|Win32
		{E805FD06-C08A-4DED-8404-BC87B6C83736}.Release|Win32.ActiveCfg = Release|Win32
		{E805FD06-C08A-4DED-8404-BC87B6C83736}.Release|Win32.Build.0 = Release|Win32
	EndGlobalSection
	GlobalSection(SolutionProperties) = preSolution
		HideSolutionNode = FALSE
	EndGlobalSection
EndGlobal
