<?xml version="1.0" encoding="utf-8"?>
<Project ToolsVersion="4.0" xmlns="http://schemas.microsoft.com/developer/msbuild/2003">
  <ItemGroup>
    <Filter Include="Source Files">
      <UniqueIdentifier>{28edda3f-6390-430a-8e0d-86b5875f8a71}</UniqueIdentifier>
      <Extensions>cpp;c;cxx;rc;def;r;odl;idl;hpj;bat</Extensions>
    </Filter>
    <Filter Include="Header Files">
      <UniqueIdentifier>{5ca9e4d8-73d1-4232-b4e8-672d3f3cf0f2}</UniqueIdentifier>
      <Extensions>h;hpp;hxx;hm;inl</Extensions>
    </Filter>
    <Filter Include="Resource Files">
      <UniqueIdentifier>{806b7c85-6792-4a99-831d-2fe1ca3d3600}</UniqueIdentifier>
      <Extensions>ico;cur;bmp;dlg;rc2;rct;bin;rgs;gif;jpg;jpeg;jpe</Extensions>
    </Filter>
    <Filter Include="Utils">
      <UniqueIdentifier>{8b22275e-bc58-4631-b92f-209e03a35a06}</UniqueIdentifier>
    </Filter>
  </ItemGroup>
  <ItemGroup>
    <ClCompile Include="ResEdit.cpp">
      <Filter>Source Files</Filter>
    </ClCompile>
    <ClCompile Include="ResEditDlg.cpp">
      <Filter>Source Files</Filter>
    </ClCompile>
    <ClCompile Include="StdAfx.cpp">
      <Filter>Source Files</Filter>
    </ClCompile>
    <ClCompile Include="..\Public\crypt.cpp">
      <Filter>Utils</Filter>
    </ClCompile>
    <ClCompile Include="..\public\FileEx.cpp">
      <Filter>Utils</Filter>
    </ClCompile>
  </ItemGroup>
  <ItemGroup>
    <ResourceCompile Include="ResEdit.rc">
      <Filter>Source Files</Filter>
    </ResourceCompile>
  </ItemGroup>
  <ItemGroup>
    <ClInclude Include="ResEdit.h">
      <Filter>Header Files</Filter>
    </ClInclude>
    <ClInclude Include="ResEditDlg.h">
      <Filter>Header Files</Filter>
    </ClInclude>
    <ClInclude Include="Resource.h">
      <Filter>Header Files</Filter>
    </ClInclude>
    <ClInclude Include="StdAfx.h">
      <Filter>Header Files</Filter>
    </ClInclude>
    <ClInclude Include="..\ConnConf.h">
      <Filter>Utils</Filter>
    </ClInclude>
    <ClInclude Include="..\Public\crypt.h">
      <Filter>Utils</Filter>
    </ClInclude>
    <ClInclude Include="..\public\FileEx.h">
      <Filter>Utils</Filter>
    </ClInclude>
  </ItemGroup>
  <ItemGroup>
    <Image Include="..\res\ResEdit.ico">
      <Filter>Resource Files</Filter>
    </Image>
    <Image Include="res\ResEdit.ico">
      <Filter>Resource Files</Filter>
    </Image>
  </ItemGroup>
  <ItemGroup>
    <None Include="res\ResEdit.rc2">
      <Filter>Resource Files</Filter>
    </None>
  </ItemGroup>
</Project>